
Microsoft Visual Studio Solution File, Format Version 12.00
# Visual Studio Version 16
VisualStudioVersion = 16.0.29230.47
MinimumVisualStudioVersion = 10.0.40219.1
Project("{FAE04EC0-301F-11D3-BF4B-00C04F79EFBC}") = "EmployeePayrollAngular", "EmployeePayrollAngular\EmployeePayrollAngular.csproj", "{06403C26-FD56-4695-8423-92719496538B}"
EndProject
Global
	GlobalSection(SolutionConfigurationPlatforms) = preSolution
		Debug|Any CPU = Debug|Any CPU
		Release|Any CPU = Release|Any CPU
	EndGlobalSection
	GlobalSection(ProjectConfigurationPlatforms) = postSolution
		{06403C26-FD56-4695-8423-92719496538B}.Debug|Any CPU.ActiveCfg = Debug|Any CPU
		{06403C26-FD56-4695-8423-92719496538B}.Debug|Any CPU.Build.0 = Debug|Any CPU
		{06403C26-FD56-4695-8423-92719496538B}.Release|Any CPU.ActiveCfg = Release|Any CPU
		{06403C26-FD56-4695-8423-92719496538B}.Release|Any CPU.Build.0 = Release|Any CPU
	EndGlobalSection
	GlobalSection(SolutionProperties) = preSolution
		HideSolutionNode = FALSE
	EndGlobalSection
	GlobalSection(ExtensibilityGlobals) = postSolution
		SolutionGuid = {1AD8A8A6-0344-426E-AA40-E54E70F4A23B}
	EndGlobalSection
EndGlobal
